
Microsoft Visual Studio Solution File, Format Version 12.00
# Visual Studio Version 16
VisualStudioVersion = 16.0.30621.155
MinimumVisualStudioVersion = 10.0.40219.1
Project("{9A19103F-16F7-4668-BE54-9A1E7A4F7556}") = "chrisblog", "chrisblog.csproj", "{405FE024-16E1-4393-A42D-0B26320C4881}"
EndProject
Global
	GlobalSection(SolutionConfigurationPlatforms) = preSolution
		Debug|Any CPU = Debug|Any CPU
		Release|Any CPU = Release|Any CPU
	EndGlobalSection
	GlobalSection(ProjectConfigurationPlatforms) = postSolution
		{405FE024-16E1-4393-A42D-0B26320C4881}.Debug|Any CPU.ActiveCfg = Debug|Any CPU
		{405FE024-16E1-4393-A42D-0B26320C4881}.Debug|Any CPU.Build.0 = Debug|Any CPU
		{405FE024-16E1-4393-A42D-0B26320C4881}.Release|Any CPU.ActiveCfg = Release|Any CPU
		{405FE024-16E1-4393-A42D-0B26320C4881}.Release|Any CPU.Build.0 = Release|Any CPU
	EndGlobalSection
	GlobalSection(SolutionProperties) = preSolution
		HideSolutionNode = FALSE
	EndGlobalSection
	GlobalSection(ExtensibilityGlobals) = postSolution
		SolutionGuid = {26BD79A8-F764-41A6-88E7-38BFBC0F911E}
	EndGlobalSection
EndGlobal
